{
  "name": "nodejs",
  "version": "1.0.0",
  "lockfileVersion": 1,
  "requires": true,
  "dependencies": {
    "one-time": {
      "version": "0.0.4",
      "resolved": "https://registry.npmjs.org/one-time/-/one-time-0.0.4.tgz",
      "integrity": "sha1-+M33eISCb+Tf+T46nMN7HkSAdC4=",
      "dev": true
    },
    "open": {
      "version": "0.0.5",
      "resolved": "https://registry.npmjs.org/open/-/open-0.0.5.tgz",
      "integrity": "sha1-QsPhjslUZra/DcQvOilFw/DK2Pw="
    },
    "say": {
      "version": "0.14.0",
      "resolved": "https://registry.npmjs.org/say/-/say-0.14.0.tgz",
      "integrity": "sha1-dC5wdZfXNZAi5yhRB0+FmKvP1cg=",
      "dev": true,
      "requires": {
        "one-time": "0.0.4"
      }
    },
    "wiring-pi": {
      "version": "2.2.1",
      "resolved": "https://registry.npmjs.org/wiring-pi/-/wiring-pi-2.2.1.tgz",
      "integrity": "sha1-z5FzH9AQv8hZSIkGTE8Ok3To3dQ="
    },
    "wiringpi-node": {
      "version": "2.4.4",
      "resolved": "https://registry.npmjs.org/wiringpi-node/-/wiringpi-node-2.4.4.tgz",
      "integrity": "sha1-IQ5us5G3247SdzdyntSTUByga4k="
    }
  }
}
